
Microsoft Visual Studio Solution File, Format Version 12.00
Project("{9A19103F-16F7-4668-BE54-9A1E7A4F7556}") = "Bidirectional.Grpc.Server", "Bidirectional.Grpc.Server\Bidirectional.Grpc.Server.csproj", "{82884B8F-43E3-4EA0-841A-484088931D62}"
EndProject
Project("{9A19103F-16F7-4668-BE54-9A1E7A4F7556}") = "Bidirectional.Grpc.Common", "Bidirectional.Grpc.Common\Bidirectional.Grpc.Common.csproj", "{B89D7281-86E2-445A-AF70-DA284EE623B0}"
EndProject
Project("{9A19103F-16F7-4668-BE54-9A1E7A4F7556}") = "Bidirectional.Grpc.Client", "Bidirectional.Grpc.Client\Bidirectional.Grpc.Client.csproj", "{DC20132C-C905-473A-A9BA-3E4258C4E6FC}"
EndProject
Project("{2150E333-8FDC-42A3-9474-1A3956D46DE8}") = "Solution Items", "Solution Items", "{26797C9D-0B0E-458D-B4D4-C97EA1DC85CA}"
ProjectSection(SolutionItems) = preProject
	global.json = global.json
	Directory.Packages.props = Directory.Packages.props
	Directory.Build.props = Directory.Build.props
EndProjectSection
EndProject
Project("{FAE04EC0-301F-11D3-BF4B-00C04F79EFBC}") = "Bidirectional.Perf.Grpc.Server", "Bidirectional.Perf.Grpc.Server\Bidirectional.Perf.Grpc.Server.csproj", "{1F24D020-7D20-447B-846C-5A6D8C9B2E9D}"
EndProject
Project("{FAE04EC0-301F-11D3-BF4B-00C04F79EFBC}") = "Bidirectional.Perf.Grpc.Client", "Bidirectional.Perf.Grpc.Client\Bidirectional.Perf.Grpc.Client.csproj", "{478E1108-AEA3-483D-AFAD-CD6BBF7DAA63}"
EndProject
Project("{FAE04EC0-301F-11D3-BF4B-00C04F79EFBC}") = "Bidirectional.Perf.Grpc.Contracts", "Bidirectional.Perf.Grpc.Contracts\Bidirectional.Perf.Grpc.Contracts.csproj", "{FD7DE878-2E57-48A3-A499-9CE6CF6A2DA1}"
EndProject
Project("{FAE04EC0-301F-11D3-BF4B-00C04F79EFBC}") = "Bidirectional.Perf.SignalR.Server", "Bidirectional.Perf.SignalR.Server\Bidirectional.Perf.SignalR.Server.csproj", "{7A0186D1-01C9-434C-B959-552CD4267465}"
EndProject
Project("{FAE04EC0-301F-11D3-BF4B-00C04F79EFBC}") = "Bidirectional.Perf.SignalR.Contracts", "Bidirectional.Perf.SignalR.Contracts\Bidirectional.Perf.SignalR.Contracts.csproj", "{B38DB653-625A-47A4-88AF-AD21CB38BC11}"
EndProject
Project("{FAE04EC0-301F-11D3-BF4B-00C04F79EFBC}") = "Bidirectional.Perf.SignalR.Client", "Bidirectional.Perf.SignalR.Client\Bidirectional.Perf.SignalR.Client.csproj", "{49A9DF31-296C-44FC-8992-7B75A3D6F495}"
EndProject
Project("{FAE04EC0-301F-11D3-BF4B-00C04F79EFBC}") = "Bidirectional.Perf.Combo.Client", "Bidirectional.Perf.Combo.Client\Bidirectional.Perf.Combo.Client.csproj", "{119E421A-93A5-4914-B489-48B1727AC6D3}"
EndProject
Global
	GlobalSection(SolutionConfigurationPlatforms) = preSolution
		Debug|Any CPU = Debug|Any CPU
		Release|Any CPU = Release|Any CPU
	EndGlobalSection
	GlobalSection(ProjectConfigurationPlatforms) = postSolution
		{82884B8F-43E3-4EA0-841A-484088931D62}.Debug|Any CPU.ActiveCfg = Debug|Any CPU
		{82884B8F-43E3-4EA0-841A-484088931D62}.Debug|Any CPU.Build.0 = Debug|Any CPU
		{82884B8F-43E3-4EA0-841A-484088931D62}.Release|Any CPU.ActiveCfg = Release|Any CPU
		{82884B8F-43E3-4EA0-841A-484088931D62}.Release|Any CPU.Build.0 = Release|Any CPU
		{B89D7281-86E2-445A-AF70-DA284EE623B0}.Debug|Any CPU.ActiveCfg = Debug|Any CPU
		{B89D7281-86E2-445A-AF70-DA284EE623B0}.Debug|Any CPU.Build.0 = Debug|Any CPU
		{B89D7281-86E2-445A-AF70-DA284EE623B0}.Release|Any CPU.ActiveCfg = Release|Any CPU
		{B89D7281-86E2-445A-AF70-DA284EE623B0}.Release|Any CPU.Build.0 = Release|Any CPU
		{DC20132C-C905-473A-A9BA-3E4258C4E6FC}.Debug|Any CPU.ActiveCfg = Debug|Any CPU
		{DC20132C-C905-473A-A9BA-3E4258C4E6FC}.Debug|Any CPU.Build.0 = Debug|Any CPU
		{DC20132C-C905-473A-A9BA-3E4258C4E6FC}.Release|Any CPU.ActiveCfg = Release|Any CPU
		{DC20132C-C905-473A-A9BA-3E4258C4E6FC}.Release|Any CPU.Build.0 = Release|Any CPU
		{1F24D020-7D20-447B-846C-5A6D8C9B2E9D}.Debug|Any CPU.ActiveCfg = Debug|Any CPU
		{1F24D020-7D20-447B-846C-5A6D8C9B2E9D}.Debug|Any CPU.Build.0 = Debug|Any CPU
		{1F24D020-7D20-447B-846C-5A6D8C9B2E9D}.Release|Any CPU.ActiveCfg = Release|Any CPU
		{1F24D020-7D20-447B-846C-5A6D8C9B2E9D}.Release|Any CPU.Build.0 = Release|Any CPU
		{478E1108-AEA3-483D-AFAD-CD6BBF7DAA63}.Debug|Any CPU.ActiveCfg = Debug|Any CPU
		{478E1108-AEA3-483D-AFAD-CD6BBF7DAA63}.Debug|Any CPU.Build.0 = Debug|Any CPU
		{478E1108-AEA3-483D-AFAD-CD6BBF7DAA63}.Release|Any CPU.ActiveCfg = Release|Any CPU
		{478E1108-AEA3-483D-AFAD-CD6BBF7DAA63}.Release|Any CPU.Build.0 = Release|Any CPU
		{FD7DE878-2E57-48A3-A499-9CE6CF6A2DA1}.Debug|Any CPU.ActiveCfg = Debug|Any CPU
		{FD7DE878-2E57-48A3-A499-9CE6CF6A2DA1}.Debug|Any CPU.Build.0 = Debug|Any CPU
		{FD7DE878-2E57-48A3-A499-9CE6CF6A2DA1}.Release|Any CPU.ActiveCfg = Release|Any CPU
		{FD7DE878-2E57-48A3-A499-9CE6CF6A2DA1}.Release|Any CPU.Build.0 = Release|Any CPU
		{7A0186D1-01C9-434C-B959-552CD4267465}.Debug|Any CPU.ActiveCfg = Debug|Any CPU
		{7A0186D1-01C9-434C-B959-552CD4267465}.Debug|Any CPU.Build.0 = Debug|Any CPU
		{7A0186D1-01C9-434C-B959-552CD4267465}.Release|Any CPU.ActiveCfg = Release|Any CPU
		{7A0186D1-01C9-434C-B959-552CD4267465}.Release|Any CPU.Build.0 = Release|Any CPU
		{B38DB653-625A-47A4-88AF-AD21CB38BC11}.Debug|Any CPU.ActiveCfg = Debug|Any CPU
		{B38DB653-625A-47A4-88AF-AD21CB38BC11}.Debug|Any CPU.Build.0 = Debug|Any CPU
		{B38DB653-625A-47A4-88AF-AD21CB38BC11}.Release|Any CPU.ActiveCfg = Release|Any CPU
		{B38DB653-625A-47A4-88AF-AD21CB38BC11}.Release|Any CPU.Build.0 = Release|Any CPU
		{49A9DF31-296C-44FC-8992-7B75A3D6F495}.Debug|Any CPU.ActiveCfg = Debug|Any CPU
		{49A9DF31-296C-44FC-8992-7B75A3D6F495}.Debug|Any CPU.Build.0 = Debug|Any CPU
		{49A9DF31-296C-44FC-8992-7B75A3D6F495}.Release|Any CPU.ActiveCfg = Release|Any CPU
		{49A9DF31-296C-44FC-8992-7B75A3D6F495}.Release|Any CPU.Build.0 = Release|Any CPU
		{119E421A-93A5-4914-B489-48B1727AC6D3}.Debug|Any CPU.ActiveCfg = Debug|Any CPU
		{119E421A-93A5-4914-B489-48B1727AC6D3}.Debug|Any CPU.Build.0 = Debug|Any CPU
		{119E421A-93A5-4914-B489-48B1727AC6D3}.Release|Any CPU.ActiveCfg = Release|Any CPU
		{119E421A-93A5-4914-B489-48B1727AC6D3}.Release|Any CPU.Build.0 = Release|Any CPU
	EndGlobalSection
EndGlobal
